
Microsoft Visual Studio Solution File, Format Version 12.00
# Visual Studio 15
VisualStudioVersion = 15.0.27703.2026
MinimumVisualStudioVersion = 10.0.40219.1
Project("{2150E333-8FDC-42A3-9474-1A3956D46DE8}") = "Other Files", "Other Files", "{DFFD9585-EAC6-47C3-9326-86D50E1BCD44}"
	ProjectSection(SolutionItems) = preProject
		.gitignore = .gitignore
		LICENSE = LICENSE
		README.md = README.md
	EndProjectSection
EndProject
Project("{FAE04EC0-301F-11D3-BF4B-00C04F79EFBC}") = "SisenseApiClient", "SisenseApiClient\SisenseApiClient.csproj", "{B1452C29-AE5B-40C0-A61E-060A295947D9}"
EndProject
Project("{FAE04EC0-301F-11D3-BF4B-00C04F79EFBC}") = "SisenseApiClient.Tests", "SisenseApiClient.Tests\SisenseApiClient.Tests.csproj", "{756BFF02-58AC-4FA3-9F93-8FDBD54319DA}"
EndProject
Global
	GlobalSection(SolutionConfigurationPlatforms) = preSolution
		Debug|Any CPU = Debug|Any CPU
		Release|Any CPU = Release|Any CPU
	EndGlobalSection
	GlobalSection(ProjectConfigurationPlatforms) = postSolution
		{B1452C29-AE5B-40C0-A61E-060A295947D9}.Debug|Any CPU.ActiveCfg = Debug|Any CPU
		{B1452C29-AE5B-40C0-A61E-060A295947D9}.Debug|Any CPU.Build.0 = Debug|Any CPU
		{B1452C29-AE5B-40C0-A61E-060A295947D9}.Release|Any CPU.ActiveCfg = Release|Any CPU
		{B1452C29-AE5B-40C0-A61E-060A295947D9}.Release|Any CPU.Build.0 = Release|Any CPU
		{756BFF02-58AC-4FA3-9F93-8FDBD54319DA}.Debug|Any CPU.ActiveCfg = Debug|Any CPU
		{756BFF02-58AC-4FA3-9F93-8FDBD54319DA}.Debug|Any CPU.Build.0 = Debug|Any CPU
		{756BFF02-58AC-4FA3-9F93-8FDBD54319DA}.Release|Any CPU.ActiveCfg = Release|Any CPU
		{756BFF02-58AC-4FA3-9F93-8FDBD54319DA}.Release|Any CPU.Build.0 = Release|Any CPU
	EndGlobalSection
	GlobalSection(SolutionProperties) = preSolution
		HideSolutionNode = FALSE
	EndGlobalSection
	GlobalSection(ExtensibilityGlobals) = postSolution
		SolutionGuid = {FD68AE0B-7814-404B-9F62-ED4B3F89BA49}
	EndGlobalSection
EndGlobal
